
Microsoft Visual Studio Solution File, Format Version 12.00
# Visual Studio Version 16
VisualStudioVersion = 16.0.31205.134
MinimumVisualStudioVersion = 10.0.40219.1
Project("{FAE04EC0-301F-11D3-BF4B-00C04F79EFBC}") = "FirstConsoleApplication", "FirstConsoleApplication\FirstConsoleApplication.csproj", "{7D57B73D-5E90-42AE-A476-7A79CD69FDBA}"
EndProject
Global
	GlobalSection(SolutionConfigurationPlatforms) = preSolution
		Debug|Any CPU = Debug|Any CPU
		Release|Any CPU = Release|Any CPU
	EndGlobalSection
	GlobalSection(ProjectConfigurationPlatforms) = postSolution
		{7D57B73D-5E90-42AE-A476-7A79CD69FDBA}.Debug|Any CPU.ActiveCfg = Debug|Any CPU
		{7D57B73D-5E90-42AE-A476-7A79CD69FDBA}.Debug|Any CPU.Build.0 = Debug|Any CPU
		{7D57B73D-5E90-42AE-A476-7A79CD69FDBA}.Release|Any CPU.ActiveCfg = Release|Any CPU
		{7D57B73D-5E90-42AE-A476-7A79CD69FDBA}.Release|Any CPU.Build.0 = Release|Any CPU
	EndGlobalSection
	GlobalSection(SolutionProperties) = preSolution
		HideSolutionNode = FALSE
	EndGlobalSection
	GlobalSection(ExtensibilityGlobals) = postSolution
		SolutionGuid = {AFDCA949-483F-4F44-8A67-EB77C5A7B9B6}
	EndGlobalSection
EndGlobal
